{
  "pins" : [
    {
      "identity" : "abseil-cpp-swiftpm",
      "kind" : "remoteSourceControl",
      "location" : "https://github.com/firebase/abseil-cpp-SwiftPM.git",
      "state" : {
        "revision" : "d302de612e3d57c6f4afaf087da18fba8eac72a7",
        "version" : "0.20220203.1"
      }
    },
    {
      "identity" : "account",
      "kind" : "remoteSourceControl",
      "location" : "https://github.com/arman095095/Account.git",
      "state" : {
        "branch" : "develop",
        "revision" : "4cf92aa24858feaed19c35d522bd2ca132df19ba"
      }
    },
    {
      "identity" : "accountroutemap",
      "kind" : "remoteSourceControl",
      "location" : "https://github.com/arman095095/AccountRouteMap.git",
      "state" : {
        "branch" : "develop",
        "revision" : "353d7347778a07c9f706f2abd6f1e686c26cb489"
      }
    },
    {
      "identity" : "alertmanager",
      "kind" : "remoteSourceControl",
      "location" : "https://github.com/arman095095/AlertManager.git",
      "state" : {
        "branch" : "develop",
        "revision" : "331065a3b442733c36acfd6a6b1a78d6e27bf9d5"
      }
    },
    {
      "identity" : "authorization",
      "kind" : "remoteSourceControl",
      "location" : "https://github.com/arman095095/Authorization.git",
      "state" : {
        "branch" : "develop",
        "revision" : "22a2d29923efe44491d36265231c1a89ae880629"
      }
    },
    {
      "identity" : "authorizationroutemap",
      "kind" : "remoteSourceControl",
      "location" : "https://github.com/arman095095/AuthorizationRouteMap.git",
      "state" : {
        "branch" : "develop",
        "revision" : "671b1cc3f52e4f8ebf07bbb984932a9baa7817dc"
      }
    },
    {
      "identity" : "authorizedzone",
      "kind" : "remoteSourceControl",
      "location" : "https://github.com/arman095095/AuthorizedZone.git",
      "state" : {
        "branch" : "develop",
        "revision" : "7f9cf671229b5feb91ebeab828a98c1239312f72"
      }
    },
    {
      "identity" : "authorizedzoneroutemap",
      "kind" : "remoteSourceControl",
      "location" : "https://github.com/arman095095/AuthorizedZoneRouteMap.git",
      "state" : {
        "branch" : "develop",
        "revision" : "1a36da3982b9d149ba4bca9607ea3fae209d1946"
      }
    },
    {
      "identity" : "boringssl-swiftpm",
      "kind" : "remoteSourceControl",
      "location" : "https://github.com/firebase/boringssl-SwiftPM.git",
      "state" : {
        "revision" : "79db6516894a932d0ddaff3b05b9da1e4f6c4069",
        "version" : "0.9.0"
      }
    },
    {
      "identity" : "chats",
      "kind" : "remoteSourceControl",
      "location" : "https://github.com/arman095095/Chats.git",
      "state" : {
        "branch" : "develop",
        "revision" : "ad916936497eb91587ecb776aa22f76d9e9ee789"
      }
    },
    {
      "identity" : "chatsroutemap",
      "kind" : "remoteSourceControl",
      "location" : "https://github.com/arman095095/ChatsRouteMap.git",
      "state" : {
        "branch" : "develop",
        "revision" : "7d27f03e7af14e824c447274c69b400c915df26d"
      }
    },
    {
      "identity" : "designsystem",
      "kind" : "remoteSourceControl",
      "location" : "https://github.com/arman095095/DesignSystem.git",
      "state" : {
        "branch" : "develop",
        "revision" : "8115b4c73818655ab3947ff7ff6b60846c4de143"
      }
    },
    {
      "identity" : "firebase-ios-sdk",
      "kind" : "remoteSourceControl",
      "location" : "https://github.com/firebase/firebase-ios-sdk.git",
      "state" : {
        "revision" : "111d8d6ad1a1afd6c8e9561d26e55ab1e74fcb42",
        "version" : "8.15.0"
      }
    },
    {
      "identity" : "googleappmeasurement",
      "kind" : "remoteSourceControl",
      "location" : "https://github.com/google/GoogleAppMeasurement.git",
      "state" : {
        "revision" : "ef819db8c58657a6ca367322e73f3b6322afe0a2",
        "version" : "8.15.0"
      }
    },
    {
      "identity" : "googledatatransport",
      "kind" : "remoteSourceControl",
      "location" : "https://github.com/google/GoogleDataTransport.git",
      "state" : {
        "revision" : "b905c49326b72211531ed9d7baa02d724828a8dc",
        "version" : "9.1.4"
      }
    },
    {
      "identity" : "googleutilities",
      "kind" : "remoteSourceControl",
      "location" : "https://github.com/google/GoogleUtilities.git",
      "state" : {
        "revision" : "f4abe56ce62a779e64b525eb133c8fc2a84bbc1f",
        "version" : "7.7.1"
      }
    },
    {
      "identity" : "grpc-ios",
      "kind" : "remoteSourceControl",
      "location" : "https://github.com/grpc/grpc-ios.git",
      "state" : {
        "revision" : "2af4f6e9c2b18beae228f50b1198c641be859d2b",
        "version" : "1.44.2-grpc"
      }
    },
    {
      "identity" : "gtm-session-fetcher",
      "kind" : "remoteSourceControl",
      "location" : "https://github.com/google/gtm-session-fetcher.git",
      "state" : {
        "revision" : "4e9bbf2808b8fee444e84a48f5f3c12641987d3e",
        "version" : "1.7.2"
      }
    },
    {
      "identity" : "inputbaraccessoryview",
      "kind" : "remoteSourceControl",
      "location" : "https://github.com/nathantannar4/InputBarAccessoryView.git",
      "state" : {
        "revision" : "e5da8c5e3c6ff2740ec2b721dd71e2cf24053001",
        "version" : "6.1.0"
      }
    },
    {
      "identity" : "leveldb",
      "kind" : "remoteSourceControl",
      "location" : "https://github.com/firebase/leveldb.git",
      "state" : {
        "revision" : "0706abcc6b0bd9cedfbb015ba840e4a780b5159b",
        "version" : "1.22.2"
      }
    },
    {
      "identity" : "managers",
      "kind" : "remoteSourceControl",
      "location" : "https://github.com/arman095095/Managers.git",
      "state" : {
        "branch" : "develop",
        "revision" : "27b0a33d3f6ef48f6e5e6c4740c437401ab5e4f4"
      }
    },
    {
      "identity" : "messagekit",
      "kind" : "remoteSourceControl",
      "location" : "https://github.com/arman095095/MessageKit.git",
      "state" : {
        "branch" : "develop",
        "revision" : "c1512561377d23931d6bedf5481304d18efdd6bc"
      }
    },
    {
      "identity" : "modelinterfaces",
      "kind" : "remoteSourceControl",
      "location" : "https://github.com/arman095095/ModelInterfaces.git",
      "state" : {
        "branch" : "develop",
        "revision" : "247339c5d3a279b434e39482b0d473dda404a184"
      }
    },
    {
      "identity" : "module",
      "kind" : "remoteSourceControl",
      "location" : "https://github.com/arman095095/Module.git",
      "state" : {
        "branch" : "develop",
        "revision" : "567093c53c8ceb0e79078cd476bce286b023f8cd"
      }
    },
    {
      "identity" : "nanopb",
      "kind" : "remoteSourceControl",
      "location" : "https://github.com/firebase/nanopb.git",
      "state" : {
        "revision" : "7ee9ef9f627d85cbe1b8c4f49a3ed26eed216c77",
        "version" : "2.30908.0"
      }
    },
    {
      "identity" : "networkservices",
      "kind" : "remoteSourceControl",
      "location" : "https://github.com/arman095095/NetworkServices.git",
      "state" : {
        "branch" : "develop",
        "revision" : "efa31a8e42ddc4e5ed53d840f531f0761e60540f"
      }
    },
    {
      "identity" : "posts",
      "kind" : "remoteSourceControl",
      "location" : "https://github.com/arman095095/Posts.git",
      "state" : {
        "branch" : "develop",
        "revision" : "19d575132981e892e99ba57f6b36e22bbcac33cd"
      }
    },
    {
      "identity" : "postsroutemap",
      "kind" : "remoteSourceControl",
      "location" : "https://github.com/arman095095/PostsRouteMap.git",
      "state" : {
        "branch" : "develop",
        "revision" : "d5aa4d1dde6968b4d0773228e14e08bdbb3df5b7"
      }
    },
    {
      "identity" : "profile",
      "kind" : "remoteSourceControl",
      "location" : "https://github.com/arman095095/Profile.git",
      "state" : {
        "branch" : "develop",
        "revision" : "e5d544aff98ce2ce66be93dc8fcbd6e6d96fac14"
      }
    },
    {
      "identity" : "profileroutemap",
      "kind" : "remoteSourceControl",
      "location" : "https://github.com/arman095095/ProfileRouteMap.git",
      "state" : {
        "branch" : "develop",
        "revision" : "47ce5642cbf2f4fd30af33e7a26a2064799d29cb"
      }
    },
    {
      "identity" : "promises",
      "kind" : "remoteSourceControl",
      "location" : "https://github.com/google/promises.git",
      "state" : {
        "revision" : "46c1e6b5ac09d8f82c991061c659f67e573d425d",
        "version" : "2.1.0"
      }
    },
    {
      "identity" : "rootroutemap",
      "kind" : "remoteSourceControl",
      "location" : "https://github.com/arman095095/RootRouteMap.git",
      "state" : {
        "branch" : "develop",
        "revision" : "2d17e297ffe30044c7f87cb9c8bcf90446663ff3"
      }
    },
    {
      "identity" : "selection",
      "kind" : "remoteSourceControl",
      "location" : "https://github.com/arman095095/Selection.git",
      "state" : {
        "branch" : "develop",
        "revision" : "ecdbc08f9ae758fc2884c23a2af9286ad599f662"
      }
    },
    {
      "identity" : "selectionroutemap",
      "kind" : "remoteSourceControl",
      "location" : "https://github.com/arman095095/SelectionRouteMap.git",
      "state" : {
        "branch" : "develop",
        "revision" : "d4ec1ef092bac46be4e75357e3b6ac13966109c2"
      }
    },
    {
      "identity" : "services",
      "kind" : "remoteSourceControl",
      "location" : "https://github.com/arman095095/Services.git",
      "state" : {
        "branch" : "develop",
        "revision" : "26d2044c7f05a813ec0a4c08492280bc88231121"
      }
    },
    {
      "identity" : "settings",
      "kind" : "remoteSourceControl",
      "location" : "https://github.com/arman095095/Settings.git",
      "state" : {
        "branch" : "develop",
        "revision" : "390975bb4d0f8004c9916440a0289f6fa7faea7a"
      }
    },
    {
      "identity" : "settingsroutemap",
      "kind" : "remoteSourceControl",
      "location" : "https://github.com/arman095095/SettingsRouteMap.git",
      "state" : {
        "branch" : "develop",
        "revision" : "b77d3abd2ea9d7f1fdcce57ef36c1254bdfa1bcb"
      }
    },
    {
      "identity" : "swift-protobuf",
      "kind" : "remoteSourceControl",
      "location" : "https://github.com/apple/swift-protobuf.git",
      "state" : {
        "revision" : "e1499bc69b9040b29184f7f2996f7bab467c1639",
        "version" : "1.19.0"
      }
    },
    {
      "identity" : "swiftdate",
      "kind" : "remoteSourceControl",
      "location" : "https://github.com/malcommac/SwiftDate.git",
      "state" : {
        "revision" : "ed308a5afb97a3874300b761dad6e9966269e3e7",
        "version" : "5.1.0"
      }
    },
    {
      "identity" : "swiftentrykit",
      "kind" : "remoteSourceControl",
      "location" : "https://github.com/huri000/SwiftEntryKit.git",
      "state" : {
        "revision" : "5ad36cccf0c4b9fea32f4e9b17a8e38f07563ef0",
        "version" : "2.0.0"
      }
    },
    {
      "identity" : "swinject",
      "kind" : "remoteSourceControl",
      "location" : "https://github.com/Swinject/Swinject.git",
      "state" : {
        "revision" : "f10b6e9ebff440f985c43008f7c2d097639fcb81",
        "version" : "2.8.1"
      }
    },
    {
      "identity" : "userstoryfacade",
      "kind" : "remoteSourceControl",
      "location" : "https://github.com/arman095095/UserStoryFacade.git",
      "state" : {
        "branch" : "develop",
        "revision" : "83e43bdde407fb637d7ed592be9bcf045e9e0e9d"
      }
    },
    {
      "identity" : "utils",
      "kind" : "remoteSourceControl",
      "location" : "https://github.com/arman095095/Utils.git",
      "state" : {
        "branch" : "develop",
        "revision" : "51bfa07a6ba52a9552440c5e5ee71c7c79781822"
      }
    }
  ],
  "version" : 2
}
